
Microsoft Visual Studio Solution File, Format Version 12.00
# Visual Studio Version 17
VisualStudioVersion = 17.5.33530.505
MinimumVisualStudioVersion = 10.0.40219.1
Project("{FAE04EC0-301F-11D3-BF4B-00C04F79EFBC}") = "SingleUseGNAT", "SingleUseGNAT.csproj", "{1A7E466A-CF79-465A-AF6C-295330F9D624}"
EndProject
Global
	GlobalSection(SolutionConfigurationPlatforms) = preSolution
		Debug|Any CPU = Debug|Any CPU
		Release|Any CPU = Release|Any CPU
	EndGlobalSection
	GlobalSection(ProjectConfigurationPlatforms) = postSolution
		{1A7E466A-CF79-465A-AF6C-295330F9D624}.Debug|Any CPU.ActiveCfg = Debug|Any CPU
		{1A7E466A-CF79-465A-AF6C-295330F9D624}.Debug|Any CPU.Build.0 = Debug|Any CPU
		{1A7E466A-CF79-465A-AF6C-295330F9D624}.Release|Any CPU.ActiveCfg = Release|Any CPU
		{1A7E466A-CF79-465A-AF6C-295330F9D624}.Release|Any CPU.Build.0 = Release|Any CPU
	EndGlobalSection
	GlobalSection(SolutionProperties) = preSolution
		HideSolutionNode = FALSE
	EndGlobalSection
	GlobalSection(ExtensibilityGlobals) = postSolution
		SolutionGuid = {CC9E4DD6-84E3-4820-BCF8-1A395F670B91}
	EndGlobalSection
EndGlobal
